// !$*UTF8*$!
{
	archiveVersion = 1;
	classes = {
	};
	objectVersion = 55;
	objects = {

/* Begin PBXBuildFile section */
		3AF34B432810507B007AAC9B /* QualyApp.swift in Sources */ = {isa = PBXBuildFile; fileRef = 3AF34B422810507B007AAC9B /* QualyApp.swift */; };
		3AF34B452810507B007AAC9B /* ContentView.swift in Sources */ = {isa = PBXBuildFile; fileRef = 3AF34B442810507B007AAC9B /* ContentView.swift */; };
		3AF34B472810507C007AAC9B /* Assets.xcassets in Resources */ = {isa = PBXBuildFile; fileRef = 3AF34B462810507C007AAC9B /* Assets.xcassets */; };
		3AF34B4A2810507C007AAC9B /* Preview Assets.xcassets in Resources */ = {isa = PBXBuildFile; fileRef = 3AF34B492810507C007AAC9B /* Preview Assets.xcassets */; };
		3AF34B58281050B3007AAC9B /* Manrope-SemiBold.ttf in Resources */ = {isa = PBXBuildFile; fileRef = 3AF34B51281050B3007AAC9B /* Manrope-SemiBold.ttf */; };
		3AF34B59281050B3007AAC9B /* Manrope-Light.ttf in Resources */ = {isa = PBXBuildFile; fileRef = 3AF34B52281050B3007AAC9B /* Manrope-Light.ttf */; };
		3AF34B5A281050B3007AAC9B /* Manrope-ExtraLight.ttf in Resources */ = {isa = PBXBuildFile; fileRef = 3AF34B53281050B3007AAC9B /* Manrope-ExtraLight.ttf */; };
		3AF34B5B281050B3007AAC9B /* Manrope-Medium.ttf in Resources */ = {isa = PBXBuildFile; fileRef = 3AF34B54281050B3007AAC9B /* Manrope-Medium.ttf */; };
		3AF34B5C281050B3007AAC9B /* Manrope-Regular.ttf in Resources */ = {isa = PBXBuildFile; fileRef = 3AF34B55281050B3007AAC9B /* Manrope-Regular.ttf */; };
		3AF34B5D281050B3007AAC9B /* Manrope-Bold.ttf in Resources */ = {isa = PBXBuildFile; fileRef = 3AF34B56281050B3007AAC9B /* Manrope-Bold.ttf */; };
		3AF34B5E281050B3007AAC9B /* Manrope-ExtraBold.ttf in Resources */ = {isa = PBXBuildFile; fileRef = 3AF34B57281050B3007AAC9B /* Manrope-ExtraBold.ttf */; };
		3AF34B6328105A0E007AAC9B /* MainView.swift in Sources */ = {isa = PBXBuildFile; fileRef = 3AF34B6228105A0E007AAC9B /* MainView.swift */; };
		3AF34B6628105C98007AAC9B /* RequestsAF.swift in Sources */ = {isa = PBXBuildFile; fileRef = 3AF34B6528105C98007AAC9B /* RequestsAF.swift */; };
		3AF34B6928106D79007AAC9B /* ProfileView.swift in Sources */ = {isa = PBXBuildFile; fileRef = 3AF34B6828106D79007AAC9B /* ProfileView.swift */; };
		3AF34B6E2810740B007AAC9B /* RatingView.swift in Sources */ = {isa = PBXBuildFile; fileRef = 3AF34B6D2810740B007AAC9B /* RatingView.swift */; };
		3AF34B7128107AB7007AAC9B /* GameView.swift in Sources */ = {isa = PBXBuildFile; fileRef = 3AF34B7028107AB7007AAC9B /* GameView.swift */; };
		857C82A2168DB33E8BC8049A /* Pods_Qualy.framework in Frameworks */ = {isa = PBXBuildFile; fileRef = E9614FA4DB3B1B1EE694E342 /* Pods_Qualy.framework */; };
/* End PBXBuildFile section */

/* Begin PBXFileReference section */
		3AF34B3F2810507B007AAC9B /* Qualy.app */ = {isa = PBXFileReference; explicitFileType = wrapper.application; includeInIndex = 0; path = Qualy.app; sourceTree = BUILT_PRODUCTS_DIR; };
		3AF34B422810507B007AAC9B /* QualyApp.swift */ = {isa = PBXFileReference; lastKnownFileType = sourcecode.swift; path = QualyApp.swift; sourceTree = "<group>"; };
		3AF34B442810507B007AAC9B /* ContentView.swift */ = {isa = PBXFileReference; lastKnownFileType = sourcecode.swift; path = ContentView.swift; sourceTree = "<group>"; };
		3AF34B462810507C007AAC9B /* Assets.xcassets */ = {isa = PBXFileReference; lastKnownFileType = folder.assetcatalog; path = Assets.xcassets; sourceTree = "<group>"; };
		3AF34B492810507C007AAC9B /* Preview Assets.xcassets */ = {isa = PBXFileReference; lastKnownFileType = folder.assetcatalog; path = "Preview Assets.xcassets"; sourceTree = "<group>"; };
		3AF34B51281050B3007AAC9B /* Manrope-SemiBold.ttf */ = {isa = PBXFileReference; lastKnownFileType = file; path = "Manrope-SemiBold.ttf"; sourceTree = "<group>"; };
		3AF34B52281050B3007AAC9B /* Manrope-Light.ttf */ = {isa = PBXFileReference; lastKnownFileType = file; path = "Manrope-Light.ttf"; sourceTree = "<group>"; };
		3AF34B53281050B3007AAC9B /* Manrope-ExtraLight.ttf */ = {isa = PBXFileReference; lastKnownFileType = file; path = "Manrope-ExtraLight.ttf"; sourceTree = "<group>"; };
		3AF34B54281050B3007AAC9B /* Manrope-Medium.ttf */ = {isa = PBXFileReference; lastKnownFileType = file; path = "Manrope-Medium.ttf"; sourceTree = "<group>"; };
		3AF34B55281050B3007AAC9B /* Manrope-Regular.ttf */ = {isa = PBXFileReference; lastKnownFileType = file; path = "Manrope-Regular.ttf"; sourceTree = "<group>"; };
		3AF34B56281050B3007AAC9B /* Manrope-Bold.ttf */ = {isa = PBXFileReference; lastKnownFileType = file; path = "Manrope-Bold.ttf"; sourceTree = "<group>"; };
		3AF34B57281050B3007AAC9B /* Manrope-ExtraBold.ttf */ = {isa = PBXFileReference; lastKnownFileType = file; path = "Manrope-ExtraBold.ttf"; sourceTree = "<group>"; };
		3AF34B5F281050BF007AAC9B /* Info.plist */ = {isa = PBXFileReference; lastKnownFileType = text.plist; path = Info.plist; sourceTree = "<group>"; };
		3AF34B6228105A0E007AAC9B /* MainView.swift */ = {isa = PBXFileReference; lastKnownFileType = sourcecode.swift; path = MainView.swift; sourceTree = "<group>"; };
		3AF34B6528105C98007AAC9B /* RequestsAF.swift */ = {isa = PBXFileReference; lastKnownFileType = sourcecode.swift; path = RequestsAF.swift; sourceTree = "<group>"; };
		3AF34B6828106D79007AAC9B /* ProfileView.swift */ = {isa = PBXFileReference; lastKnownFileType = sourcecode.swift; path = ProfileView.swift; sourceTree = "<group>"; };
		3AF34B6D2810740B007AAC9B /* RatingView.swift */ = {isa = PBXFileReference; lastKnownFileType = sourcecode.swift; path = RatingView.swift; sourceTree = "<group>"; };
		3AF34B7028107AB7007AAC9B /* GameView.swift */ = {isa = PBXFileReference; lastKnownFileType = sourcecode.swift; path = GameView.swift; sourceTree = "<group>"; };
		563B02A92DA4348AB5C40447 /* Pods-Qualy.debug.xcconfig */ = {isa = PBXFileReference; includeInIndex = 1; lastKnownFileType = text.xcconfig; name = "Pods-Qualy.debug.xcconfig"; path = "Target Support Files/Pods-Qualy/Pods-Qualy.debug.xcconfig"; sourceTree = "<group>"; };
		74A8DDA7C0A6209EFA3FCFF0 /* Pods-Qualy.release.xcconfig */ = {isa = PBXFileReference; includeInIndex = 1; lastKnownFileType = text.xcconfig; name = "Pods-Qualy.release.xcconfig"; path = "Target Support Files/Pods-Qualy/Pods-Qualy.release.xcconfig"; sourceTree = "<group>"; };
		E9614FA4DB3B1B1EE694E342 /* Pods_Qualy.framework */ = {isa = PBXFileReference; explicitFileType = wrapper.framework; includeInIndex = 0; path = Pods_Qualy.framework; sourceTree = BUILT_PRODUCTS_DIR; };
/* End PBXFileReference section */

/* Begin PBXFrameworksBuildPhase section */
		3AF34B3C2810507B007AAC9B /* Frameworks */ = {
			isa = PBXFrameworksBuildPhase;
			buildActionMask = 2147483647;
			files = (
				857C82A2168DB33E8BC8049A /* Pods_Qualy.framework in Frameworks */,
			);
			runOnlyForDeploymentPostprocessing = 0;
		};
/* End PBXFrameworksBuildPhase section */

/* Begin PBXGroup section */
		3AF34B362810507B007AAC9B = {
			isa = PBXGroup;
			children = (
				3AF34B412810507B007AAC9B /* Qualy */,
				3AF34B402810507B007AAC9B /* Products */,
				7F188C59D3A37BF56C83C420 /* Pods */,
				D6E35DD2DAEEBC69FFFFD37F /* Frameworks */,
			);
			sourceTree = "<group>";
		};
		3AF34B402810507B007AAC9B /* Products */ = {
			isa = PBXGroup;
			children = (
				3AF34B3F2810507B007AAC9B /* Qualy.app */,
			);
			name = Products;
			sourceTree = "<group>";
		};
		3AF34B412810507B007AAC9B /* Qualy */ = {
			isa = PBXGroup;
			children = (
				3AF34B6F28107AAB007AAC9B /* Game */,
				3AF34B6A281073F6007AAC9B /* Rating */,
				3AF34B6728106A17007AAC9B /* Profile */,
				3AF34B6428105C89007AAC9B /* common */,
				3AF34B61281059A0007AAC9B /* Main */,
				3AF34B60281051D7007AAC9B /* Login */,
				3AF34B5F281050BF007AAC9B /* Info.plist */,
				3AF34B50281050A8007AAC9B /* Fonts */,
				3AF34B422810507B007AAC9B /* QualyApp.swift */,
				3AF34B462810507C007AAC9B /* Assets.xcassets */,
				3AF34B482810507C007AAC9B /* Preview Content */,
			);
			path = Qualy;
			sourceTree = "<group>";
		};
		3AF34B482810507C007AAC9B /* Preview Content */ = {
			isa = PBXGroup;
			children = (
				3AF34B492810507C007AAC9B /* Preview Assets.xcassets */,
			);
			path = "Preview Content";
			sourceTree = "<group>";
		};
		3AF34B50281050A8007AAC9B /* Fonts */ = {
			isa = PBXGroup;
			children = (
				3AF34B56281050B3007AAC9B /* Manrope-Bold.ttf */,
				3AF34B57281050B3007AAC9B /* Manrope-ExtraBold.ttf */,
				3AF34B53281050B3007AAC9B /* Manrope-ExtraLight.ttf */,
				3AF34B52281050B3007AAC9B /* Manrope-Light.ttf */,
				3AF34B54281050B3007AAC9B /* Manrope-Medium.ttf */,
				3AF34B55281050B3007AAC9B /* Manrope-Regular.ttf */,
				3AF34B51281050B3007AAC9B /* Manrope-SemiBold.ttf */,
			);
			path = Fonts;
			sourceTree = "<group>";
		};
		3AF34B60281051D7007AAC9B /* Login */ = {
			isa = PBXGroup;
			children = (
				3AF34B442810507B007AAC9B /* ContentView.swift */,
			);
			path = Login;
			sourceTree = "<group>";
		};
		3AF34B61281059A0007AAC9B /* Main */ = {
			isa = PBXGroup;
			children = (
				3AF34B6228105A0E007AAC9B /* MainView.swift */,
			);
			path = Main;
			sourceTree = "<group>";
		};
		3AF34B6428105C89007AAC9B /* common */ = {
			isa = PBXGroup;
			children = (
				3AF34B6528105C98007AAC9B /* RequestsAF.swift */,
			);
			path = common;
			sourceTree = "<group>";
		};
		3AF34B6728106A17007AAC9B /* Profile */ = {
			isa = PBXGroup;
			children = (
				3AF34B6828106D79007AAC9B /* ProfileView.swift */,
			);
			path = Profile;
			sourceTree = "<group>";
		};
		3AF34B6A281073F6007AAC9B /* Rating */ = {
			isa = PBXGroup;
			children = (
				3AF34B6D2810740B007AAC9B /* RatingView.swift */,
			);
			path = Rating;
			sourceTree = "<group>";
		};
		3AF34B6F28107AAB007AAC9B /* Game */ = {
			isa = PBXGroup;
			children = (
				3AF34B7028107AB7007AAC9B /* GameView.swift */,
			);
			path = Game;
			sourceTree = "<group>";
		};
		7F188C59D3A37BF56C83C420 /* Pods */ = {
			isa = PBXGroup;
			children = (
				563B02A92DA4348AB5C40447 /* Pods-Qualy.debug.xcconfig */,
				74A8DDA7C0A6209EFA3FCFF0 /* Pods-Qualy.release.xcconfig */,
			);
			path = Pods;
			sourceTree = "<group>";
		};
		D6E35DD2DAEEBC69FFFFD37F /* Frameworks */ = {
			isa = PBXGroup;
			children = (
				E9614FA4DB3B1B1EE694E342 /* Pods_Qualy.framework */,
			);
			name = Frameworks;
			sourceTree = "<group>";
		};
/* End PBXGroup section */

/* Begin PBXNativeTarget section */
		3AF34B3E2810507B007AAC9B /* Qualy */ = {
			isa = PBXNativeTarget;
			buildConfigurationList = 3AF34B4D2810507C007AAC9B /* Build configuration list for PBXNativeTarget "Qualy" */;
			buildPhases = (
				3CAC926F2C110AE99768F9CD /* [CP] Check Pods Manifest.lock */,
				3AF34B3B2810507B007AAC9B /* Sources */,
				3AF34B3C2810507B007AAC9B /* Frameworks */,
				3AF34B3D2810507B007AAC9B /* Resources */,
				0F5839C2B7B780F7C1002CAF /* [CP] Embed Pods Frameworks */,
			);
			buildRules = (
			);
			dependencies = (
			);
			name = Qualy;
			productName = Qualy;
			productReference = 3AF34B3F2810507B007AAC9B /* Qualy.app */;
			productType = "com.apple.product-type.application";
		};
/* End PBXNativeTarget section */

/* Begin PBXProject section */
		3AF34B372810507B007AAC9B /* Project object */ = {
			isa = PBXProject;
			attributes = {
				BuildIndependentTargetsInParallel = 1;
				LastSwiftUpdateCheck = 1330;
				LastUpgradeCheck = 1330;
				TargetAttributes = {
					3AF34B3E2810507B007AAC9B = {
						CreatedOnToolsVersion = 13.3;
					};
				};
			};
			buildConfigurationList = 3AF34B3A2810507B007AAC9B /* Build configuration list for PBXProject "Qualy" */;
			compatibilityVersion = "Xcode 13.0";
			developmentRegion = en;
			hasScannedForEncodings = 0;
			knownRegions = (
				en,
				Base,
			);
			mainGroup = 3AF34B362810507B007AAC9B;
			productRefGroup = 3AF34B402810507B007AAC9B /* Products */;
			projectDirPath = "";
			projectRoot = "";
			targets = (
				3AF34B3E2810507B007AAC9B /* Qualy */,
			);
		};
/* End PBXProject section */

/* Begin PBXResourcesBuildPhase section */
		3AF34B3D2810507B007AAC9B /* Resources */ = {
			isa = PBXResourcesBuildPhase;
			buildActionMask = 2147483647;
			files = (
				3AF34B5E281050B3007AAC9B /* Manrope-ExtraBold.ttf in Resources */,
				3AF34B5B281050B3007AAC9B /* Manrope-Medium.ttf in Resources */,
				3AF34B59281050B3007AAC9B /* Manrope-Light.ttf in Resources */,
				3AF34B4A2810507C007AAC9B /* Preview Assets.xcassets in Resources */,
				3AF34B58281050B3007AAC9B /* Manrope-SemiBold.ttf in Resources */,
				3AF34B5D281050B3007AAC9B /* Manrope-Bold.ttf in Resources */,
				3AF34B472810507C007AAC9B /* Assets.xcassets in Resources */,
				3AF34B5A281050B3007AAC9B /* Manrope-ExtraLight.ttf in Resources */,
				3AF34B5C281050B3007AAC9B /* Manrope-Regular.ttf in Resources */,
			);
			runOnlyForDeploymentPostprocessing = 0;
		};
/* End PBXResourcesBuildPhase section */

/* Begin PBXShellScriptBuildPhase section */
		0F5839C2B7B780F7C1002CAF /* [CP] Embed Pods Frameworks */ = {
			isa = PBXShellScriptBuildPhase;
			buildActionMask = 2147483647;
			files = (
			);
			inputFileListPaths = (
				"${PODS_ROOT}/Target Support Files/Pods-Qualy/Pods-Qualy-frameworks-${CONFIGURATION}-input-files.xcfilelist",
			);
			name = "[CP] Embed Pods Frameworks";
			outputFileListPaths = (
				"${PODS_ROOT}/Target Support Files/Pods-Qualy/Pods-Qualy-frameworks-${CONFIGURATION}-output-files.xcfilelist",
			);
			runOnlyForDeploymentPostprocessing = 0;
			shellPath = /bin/sh;
			shellScript = "\"${PODS_ROOT}/Target Support Files/Pods-Qualy/Pods-Qualy-frameworks.sh\"\n";
			showEnvVarsInLog = 0;
		};
		3CAC926F2C110AE99768F9CD /* [CP] Check Pods Manifest.lock */ = {
			isa = PBXShellScriptBuildPhase;
			buildActionMask = 2147483647;
			files = (
			);
			inputFileListPaths = (
			);
			inputPaths = (
				"${PODS_PODFILE_DIR_PATH}/Podfile.lock",
				"${PODS_ROOT}/Manifest.lock",
			);
			name = "[CP] Check Pods Manifest.lock";
			outputFileListPaths = (
			);
			outputPaths = (
				"$(DERIVED_FILE_DIR)/Pods-Qualy-checkManifestLockResult.txt",
			);
			runOnlyForDeploymentPostprocessing = 0;
			shellPath = /bin/sh;
			shellScript = "diff \"${PODS_PODFILE_DIR_PATH}/Podfile.lock\" \"${PODS_ROOT}/Manifest.lock\" > /dev/null\nif [ $? != 0 ] ; then\n    # print error to STDERR\n    echo \"error: The sandbox is not in sync with the Podfile.lock. Run 'pod install' or update your CocoaPods installation.\" >&2\n    exit 1\nfi\n# This output is used by Xcode 'outputs' to avoid re-running this script phase.\necho \"SUCCESS\" > \"${SCRIPT_OUTPUT_FILE_0}\"\n";
			showEnvVarsInLog = 0;
		};
/* End PBXShellScriptBuildPhase section */

/* Begin PBXSourcesBuildPhase section */
		3AF34B3B2810507B007AAC9B /* Sources */ = {
			isa = PBXSourcesBuildPhase;
			buildActionMask = 2147483647;
			files = (
				3AF34B452810507B007AAC9B /* ContentView.swift in Sources */,
				3AF34B6328105A0E007AAC9B /* MainView.swift in Sources */,
				3AF34B6928106D79007AAC9B /* ProfileView.swift in Sources */,
				3AF34B6E2810740B007AAC9B /* RatingView.swift in Sources */,
				3AF34B6628105C98007AAC9B /* RequestsAF.swift in Sources */,
				3AF34B432810507B007AAC9B /* QualyApp.swift in Sources */,
				3AF34B7128107AB7007AAC9B /* GameView.swift in Sources */,
			);
			runOnlyForDeploymentPostprocessing = 0;
		};
/* End PBXSourcesBuildPhase section */

/* Begin XCBuildConfiguration section */
		3AF34B4B2810507C007AAC9B /* Debug */ = {
			isa = XCBuildConfiguration;
			buildSettings = {
				ALWAYS_SEARCH_USER_PATHS = NO;
				CLANG_ANALYZER_NONNULL = YES;
				CLANG_ANALYZER_NUMBER_OBJECT_CONVERSION = YES_AGGRESSIVE;
				CLANG_CXX_LANGUAGE_STANDARD = "gnu++17";
				CLANG_ENABLE_MODULES = YES;
				CLANG_ENABLE_OBJC_ARC = YES;
				CLANG_ENABLE_OBJC_WEAK = YES;
				CLANG_WARN_BLOCK_CAPTURE_AUTORELEASING = YES;
				CLANG_WARN_BOOL_CONVERSION = YES;
				CLANG_WARN_COMMA = YES;
				CLANG_WARN_CONSTANT_CONVERSION = YES;
				CLANG_WARN_DEPRECATED_OBJC_IMPLEMENTATIONS = YES;
				CLANG_WARN_DIRECT_OBJC_ISA_USAGE = YES_ERROR;
				CLANG_WARN_DOCUMENTATION_COMMENTS = YES;
				CLANG_WARN_EMPTY_BODY = YES;
				CLANG_WARN_ENUM_CONVERSION = YES;
				CLANG_WARN_INFINITE_RECURSION = YES;
				CLANG_WARN_INT_CONVERSION = YES;
				CLANG_WARN_NON_LITERAL_NULL_CONVERSION = YES;
				CLANG_WARN_OBJC_IMPLICIT_RETAIN_SELF = YES;
				CLANG_WARN_OBJC_LITERAL_CONVERSION = YES;
				CLANG_WARN_OBJC_ROOT_CLASS = YES_ERROR;
				CLANG_WARN_QUOTED_INCLUDE_IN_FRAMEWORK_HEADER = YES;
				CLANG_WARN_RANGE_LOOP_ANALYSIS = YES;
				CLANG_WARN_STRICT_PROTOTYPES = YES;
				CLANG_WARN_SUSPICIOUS_MOVE = YES;
				CLANG_WARN_UNGUARDED_AVAILABILITY = YES_AGGRESSIVE;
				CLANG_WARN_UNREACHABLE_CODE = YES;
				CLANG_WARN__DUPLICATE_METHOD_MATCH = YES;
				COPY_PHASE_STRIP = NO;
				DEBUG_INFORMATION_FORMAT = dwarf;
				ENABLE_STRICT_OBJC_MSGSEND = YES;
				ENABLE_TESTABILITY = YES;
				GCC_C_LANGUAGE_STANDARD = gnu11;
				GCC_DYNAMIC_NO_PIC = NO;
				GCC_NO_COMMON_BLOCKS = YES;
				GCC_OPTIMIZATION_LEVEL = 0;
				GCC_PREPROCESSOR_DEFINITIONS = (
					"DEBUG=1",
					"$(inherited)",
				);
				GCC_WARN_64_TO_32_BIT_CONVERSION = YES;
				GCC_WARN_ABOUT_RETURN_TYPE = YES_ERROR;
				GCC_WARN_UNDECLARED_SELECTOR = YES;
				GCC_WARN_UNINITIALIZED_AUTOS = YES_AGGRESSIVE;
				GCC_WARN_UNUSED_FUNCTION = YES;
				GCC_WARN_UNUSED_VARIABLE = YES;
				IPHONEOS_DEPLOYMENT_TARGET = 15.4;
				MTL_ENABLE_DEBUG_INFO = INCLUDE_SOURCE;
				MTL_FAST_MATH = YES;
				ONLY_ACTIVE_ARCH = YES;
				SDKROOT = iphoneos;
				SWIFT_ACTIVE_COMPILATION_CONDITIONS = DEBUG;
				SWIFT_OPTIMIZATION_LEVEL = "-Onone";
			};
			name = Debug;
		};
		3AF34B4C2810507C007AAC9B /* Release */ = {
			isa = XCBuildConfiguration;
			buildSettings = {
				ALWAYS_SEARCH_USER_PATHS = NO;
				CLANG_ANALYZER_NONNULL = YES;
				CLANG_ANALYZER_NUMBER_OBJECT_CONVERSION = YES_AGGRESSIVE;
				CLANG_CXX_LANGUAGE_STANDARD = "gnu++17";
				CLANG_ENABLE_MODULES = YES;
				CLANG_ENABLE_OBJC_ARC = YES;
				CLANG_ENABLE_OBJC_WEAK = YES;
				CLANG_WARN_BLOCK_CAPTURE_AUTORELEASING = YES;
				CLANG_WARN_BOOL_CONVERSION = YES;
				CLANG_WARN_COMMA = YES;
				CLANG_WARN_CONSTANT_CONVERSION = YES;
				CLANG_WARN_DEPRECATED_OBJC_IMPLEMENTATIONS = YES;
				CLANG_WARN_DIRECT_OBJC_ISA_USAGE = YES_ERROR;
				CLANG_WARN_DOCUMENTATION_COMMENTS = YES;
				CLANG_WARN_EMPTY_BODY = YES;
				CLANG_WARN_ENUM_CONVERSION = YES;
				CLANG_WARN_INFINITE_RECURSION = YES;
				CLANG_WARN_INT_CONVERSION = YES;
				CLANG_WARN_NON_LITERAL_NULL_CONVERSION = YES;
				CLANG_WARN_OBJC_IMPLICIT_RETAIN_SELF = YES;
				CLANG_WARN_OBJC_LITERAL_CONVERSION = YES;
				CLANG_WARN_OBJC_ROOT_CLASS = YES_ERROR;
				CLANG_WARN_QUOTED_INCLUDE_IN_FRAMEWORK_HEADER = YES;
				CLANG_WARN_RANGE_LOOP_ANALYSIS = YES;
				CLANG_WARN_STRICT_PROTOTYPES = YES;
				CLANG_WARN_SUSPICIOUS_MOVE = YES;
				CLANG_WARN_UNGUARDED_AVAILABILITY = YES_AGGRESSIVE;
				CLANG_WARN_UNREACHABLE_CODE = YES;
				CLANG_WARN__DUPLICATE_METHOD_MATCH = YES;
				COPY_PHASE_STRIP = NO;
				DEBUG_INFORMATION_FORMAT = "dwarf-with-dsym";
				ENABLE_NS_ASSERTIONS = NO;
				ENABLE_STRICT_OBJC_MSGSEND = YES;
				GCC_C_LANGUAGE_STANDARD = gnu11;
				GCC_NO_COMMON_BLOCKS = YES;
				GCC_WARN_64_TO_32_BIT_CONVERSION = YES;
				GCC_WARN_ABOUT_RETURN_TYPE = YES_ERROR;
				GCC_WARN_UNDECLARED_SELECTOR = YES;
				GCC_WARN_UNINITIALIZED_AUTOS = YES_AGGRESSIVE;
				GCC_WARN_UNUSED_FUNCTION = YES;
				GCC_WARN_UNUSED_VARIABLE = YES;
				IPHONEOS_DEPLOYMENT_TARGET = 15.4;
				MTL_ENABLE_DEBUG_INFO = NO;
				MTL_FAST_MATH = YES;
				SDKROOT = iphoneos;
				SWIFT_COMPILATION_MODE = wholemodule;
				SWIFT_OPTIMIZATION_LEVEL = "-O";
				VALIDATE_PRODUCT = YES;
			};
			name = Release;
		};
		3AF34B4E2810507C007AAC9B /* Debug */ = {
			isa = XCBuildConfiguration;
			baseConfigurationReference = 563B02A92DA4348AB5C40447 /* Pods-Qualy.debug.xcconfig */;
			buildSettings = {
				ASSETCATALOG_COMPILER_APPICON_NAME = AppIcon;
				ASSETCATALOG_COMPILER_GLOBAL_ACCENT_COLOR_NAME = AccentColor;
				CODE_SIGN_STYLE = Automatic;
				CURRENT_PROJECT_VERSION = 1;
				DEVELOPMENT_ASSET_PATHS = "\"Qualy/Preview Content\"";
				DEVELOPMENT_TEAM = 73S8J9N7ZU;
				ENABLE_PREVIEWS = YES;
				GENERATE_INFOPLIST_FILE = YES;
				INFOPLIST_FILE = Qualy/Info.plist;
				INFOPLIST_KEY_UIApplicationSceneManifest_Generation = YES;
				INFOPLIST_KEY_UIApplicationSupportsIndirectInputEvents = YES;
				INFOPLIST_KEY_UILaunchScreen_Generation = YES;
				INFOPLIST_KEY_UISupportedInterfaceOrientations_iPad = "UIInterfaceOrientationPortrait UIInterfaceOrientationPortraitUpsideDown UIInterfaceOrientationLandscapeLeft UIInterfaceOrientationLandscapeRight";
				INFOPLIST_KEY_UISupportedInterfaceOrientations_iPhone = "UIInterfaceOrientationPortrait UIInterfaceOrientationLandscapeLeft UIInterfaceOrientationLandscapeRight";
				LD_RUNPATH_SEARCH_PATHS = (
					"$(inherited)",
					"@executable_path/Frameworks",
				);
				MARKETING_VERSION = 1.0;
				PRODUCT_BUNDLE_IDENTIFIER = KriDan.Qualy;
				PRODUCT_NAME = "$(TARGET_NAME)";
				SWIFT_EMIT_LOC_STRINGS = YES;
				SWIFT_VERSION = 5.0;
				TARGETED_DEVICE_FAMILY = "1,2";
			};
			name = Debug;
		};
		3AF34B4F2810507C007AAC9B /* Release */ = {
			isa = XCBuildConfiguration;
			baseConfigurationReference = 74A8DDA7C0A6209EFA3FCFF0 /* Pods-Qualy.release.xcconfig */;
			buildSettings = {
				ASSETCATALOG_COMPILER_APPICON_NAME = AppIcon;
				ASSETCATALOG_COMPILER_GLOBAL_ACCENT_COLOR_NAME = AccentColor;
				CODE_SIGN_STYLE = Automatic;
				CURRENT_PROJECT_VERSION = 1;
				DEVELOPMENT_ASSET_PATHS = "\"Qualy/Preview Content\"";
				DEVELOPMENT_TEAM = 73S8J9N7ZU;
				ENABLE_PREVIEWS = YES;
				GENERATE_INFOPLIST_FILE = YES;
				INFOPLIST_FILE = Qualy/Info.plist;
				INFOPLIST_KEY_UIApplicationSceneManifest_Generation = YES;
				INFOPLIST_KEY_UIApplicationSupportsIndirectInputEvents = YES;
				INFOPLIST_KEY_UILaunchScreen_Generation = YES;
				INFOPLIST_KEY_UISupportedInterfaceOrientations_iPad = "UIInterfaceOrientationPortrait UIInterfaceOrientationPortraitUpsideDown UIInterfaceOrientationLandscapeLeft UIInterfaceOrientationLandscapeRight";
				INFOPLIST_KEY_UISupportedInterfaceOrientations_iPhone = "UIInterfaceOrientationPortrait UIInterfaceOrientationLandscapeLeft UIInterfaceOrientationLandscapeRight";
				LD_RUNPATH_SEARCH_PATHS = (
					"$(inherited)",
					"@executable_path/Frameworks",
				);
				MARKETING_VERSION = 1.0;
				PRODUCT_BUNDLE_IDENTIFIER = KriDan.Qualy;
				PRODUCT_NAME = "$(TARGET_NAME)";
				SWIFT_EMIT_LOC_STRINGS = YES;
				SWIFT_VERSION = 5.0;
				TARGETED_DEVICE_FAMILY = "1,2";
			};
			name = Release;
		};
/* End XCBuildConfiguration section */

/* Begin XCConfigurationList section */
		3AF34B3A2810507B007AAC9B /* Build configuration list for PBXProject "Qualy" */ = {
			isa = XCConfigurationList;
			buildConfigurations = (
				3AF34B4B2810507C007AAC9B /* Debug */,
				3AF34B4C2810507C007AAC9B /* Release */,
			);
			defaultConfigurationIsVisible = 0;
			defaultConfigurationName = Release;
		};
		3AF34B4D2810507C007AAC9B /* Build configuration list for PBXNativeTarget "Qualy" */ = {
			isa = XCConfigurationList;
			buildConfigurations = (
				3AF34B4E2810507C007AAC9B /* Debug */,
				3AF34B4F2810507C007AAC9B /* Release */,
			);
			defaultConfigurationIsVisible = 0;
			defaultConfigurationName = Release;
		};
/* End XCConfigurationList section */
	};
	rootObject = 3AF34B372810507B007AAC9B /* Project object */;
}
